
Microsoft Visual Studio Solution File, Format Version 12.00
Project("{FAE04EC0-301F-11D3-BF4B-00C04F79EFBC}") = "DesignPatternDemos.Starter", "DesignPatternDemos.Starter\DesignPatternDemos.Starter.csproj", "{CEAF2F0A-D6A3-40C6-8082-E463D7FF978C}"
EndProject
Project("{FAE04EC0-301F-11D3-BF4B-00C04F79EFBC}") = "DesignPatternDemos.Observer", "DesignPatternDemos.Observer\DesignPatternDemos.Observer.csproj", "{D55F12E4-7DF8-49DD-83EA-511AA10ED700}"
EndProject
Project("{FAE04EC0-301F-11D3-BF4B-00C04F79EFBC}") = "DesignPatternDemos.Decorator", "DesignPatternDemos.Decorator\DesignPatternDemos.Decorator.csproj", "{88FB28CF-0824-4AF8-9E76-FB11D3CE6918}"
EndProject
Project("{FAE04EC0-301F-11D3-BF4B-00C04F79EFBC}") = "DesignPatternDemos.Strategy", "DesignPatternDemos.Strategy\DesignPatternDemos.Strategy.csproj", "{C990D267-A2EC-47DB-89AF-E5FC497406B2}"
EndProject
Project("{FAE04EC0-301F-11D3-BF4B-00C04F79EFBC}") = "DesignPatternDemos.Singleton", "DesignPatternDemos.Singleton\DesignPatternDemos.Singleton.csproj", "{77E61E9A-1075-493D-8D64-69DDD338AC31}"
EndProject
Project("{FAE04EC0-301F-11D3-BF4B-00C04F79EFBC}") = "DesignPatternDemos.Factory", "DesignPatternDemos.Factory\DesignPatternDemos.Factory.csproj", "{0BBBE6FD-E981-4A6D-B624-346755CB0AB2}"
EndProject
Project("{FAE04EC0-301F-11D3-BF4B-00C04F79EFBC}") = "DesignPatternDemos.Command", "DesignPatternDemos.Command\DesignPatternDemos.Command.csproj", "{43625E70-EF55-4E9E-91BF-E59917B69F30}"
EndProject
Project("{FAE04EC0-301F-11D3-BF4B-00C04F79EFBC}") = "DesignPatternDemos.FactoryMethod", "DesignPatternDemos.FactoryMethod\DesignPatternDemos.FactoryMethod.csproj", "{9B4CE830-C5D7-4BE1-AFEE-666699E2F06C}"
EndProject
Project("{FAE04EC0-301F-11D3-BF4B-00C04F79EFBC}") = "DesignPatternDemos.AbstractFactory", "DesignPatternDemos.AbstractFactory\DesignPatternDemos.AbstractFactory.csproj", "{FD66F452-66B7-4485-A77A-6B1AFA25BB5B}"
EndProject
Project("{FAE04EC0-301F-11D3-BF4B-00C04F79EFBC}") = "DesignPatternDemos.Adapter", "DesignPatternDemos.Adapter\DesignPatternDemos.Adapter.csproj", "{B161B353-BF12-4E39-AA0F-2948A732F9D9}"
EndProject
Project("{FAE04EC0-301F-11D3-BF4B-00C04F79EFBC}") = "DesignPatternDemos.Facade", "DesignPatternDemos.Facade\DesignPatternDemos.Facade.csproj", "{B5772C80-CE29-41CD-ACD8-1FE138393B40}"
EndProject
Project("{FAE04EC0-301F-11D3-BF4B-00C04F79EFBC}") = "DesignPatternDemos.TemplateMethod", "DesignPatternDemos.TemplateMethod\DesignPatternDemos.TemplateMethod.csproj", "{9E0D3170-8095-4479-BC02-A766B079B956}"
EndProject
Project("{FAE04EC0-301F-11D3-BF4B-00C04F79EFBC}") = "DesignPatternDemos.Iterator", "DesignPatternDemos.Iterator\DesignPatternDemos.Iterator.csproj", "{81452B8F-6C6E-4289-8C4E-DCCE9F14B5B2}"
EndProject
Project("{FAE04EC0-301F-11D3-BF4B-00C04F79EFBC}") = "DesignPatternDemos.Composite", "DesignPatternDemos.Composite\DesignPatternDemos.Composite.csproj", "{78F8C186-BFDB-4B39-B647-75ECC320862E}"
EndProject
Project("{FAE04EC0-301F-11D3-BF4B-00C04F79EFBC}") = "DesignPatternDemos.State", "DesignPatternDemos.State\DesignPatternDemos.State.csproj", "{8FE014E4-1611-4B18-8001-B9BAF2D0643D}"
EndProject
Project("{FAE04EC0-301F-11D3-BF4B-00C04F79EFBC}") = "DesignPatternDemos.Proxy", "DesignPatternDemos.Proxy\DesignPatternDemos.Proxy.csproj", "{48E5AE68-E653-473A-8D8E-0DF22DFC1F9A}"
EndProject
Project("{FAE04EC0-301F-11D3-BF4B-00C04F79EFBC}") = "DesignPatternDemos.Bridge", "DesignPatternDemos.Bridge\DesignPatternDemos.Bridge.csproj", "{A8555AC4-CC46-4B75-847E-1602DE99F249}"
EndProject
Project("{FAE04EC0-301F-11D3-BF4B-00C04F79EFBC}") = "DesignPatternDemos.Builder", "DesignPatternDemos.Builder\DesignPatternDemos.Builder.csproj", "{821341E1-399A-4441-B368-127A5514F176}"
EndProject
Project("{FAE04EC0-301F-11D3-BF4B-00C04F79EFBC}") = "DesignPatternDemos.ChainOfResponsibility", "DesignPatternDemos.ChainOfResponsibility\DesignPatternDemos.ChainOfResponsibility.csproj", "{E839F9B9-7514-4E5E-8126-DC1D08867385}"
EndProject
Project("{FAE04EC0-301F-11D3-BF4B-00C04F79EFBC}") = "DesignPatternDemos.Flyweight", "DesignPatternDemos.Flyweight\DesignPatternDemos.Flyweight.csproj", "{167958EE-2690-4311-A97C-043A32911C6D}"
EndProject
Project("{FAE04EC0-301F-11D3-BF4B-00C04F79EFBC}") = "DesignPatternDemos.Interpreter", "DesignPatternDemos.Interpreter\DesignPatternDemos.Interpreter.csproj", "{70B142F9-8DED-4BDE-B7C9-1F34FB357309}"
EndProject
Global
	GlobalSection(SolutionConfigurationPlatforms) = preSolution
		Debug|Any CPU = Debug|Any CPU
		Release|Any CPU = Release|Any CPU
	EndGlobalSection
	GlobalSection(ProjectConfigurationPlatforms) = postSolution
		{CEAF2F0A-D6A3-40C6-8082-E463D7FF978C}.Debug|Any CPU.ActiveCfg = Debug|Any CPU
		{CEAF2F0A-D6A3-40C6-8082-E463D7FF978C}.Debug|Any CPU.Build.0 = Debug|Any CPU
		{CEAF2F0A-D6A3-40C6-8082-E463D7FF978C}.Release|Any CPU.ActiveCfg = Release|Any CPU
		{CEAF2F0A-D6A3-40C6-8082-E463D7FF978C}.Release|Any CPU.Build.0 = Release|Any CPU
		{D55F12E4-7DF8-49DD-83EA-511AA10ED700}.Debug|Any CPU.ActiveCfg = Debug|Any CPU
		{D55F12E4-7DF8-49DD-83EA-511AA10ED700}.Debug|Any CPU.Build.0 = Debug|Any CPU
		{D55F12E4-7DF8-49DD-83EA-511AA10ED700}.Release|Any CPU.ActiveCfg = Release|Any CPU
		{D55F12E4-7DF8-49DD-83EA-511AA10ED700}.Release|Any CPU.Build.0 = Release|Any CPU
		{88FB28CF-0824-4AF8-9E76-FB11D3CE6918}.Debug|Any CPU.ActiveCfg = Debug|Any CPU
		{88FB28CF-0824-4AF8-9E76-FB11D3CE6918}.Debug|Any CPU.Build.0 = Debug|Any CPU
		{88FB28CF-0824-4AF8-9E76-FB11D3CE6918}.Release|Any CPU.ActiveCfg = Release|Any CPU
		{88FB28CF-0824-4AF8-9E76-FB11D3CE6918}.Release|Any CPU.Build.0 = Release|Any CPU
		{C990D267-A2EC-47DB-89AF-E5FC497406B2}.Debug|Any CPU.ActiveCfg = Debug|Any CPU
		{C990D267-A2EC-47DB-89AF-E5FC497406B2}.Debug|Any CPU.Build.0 = Debug|Any CPU
		{C990D267-A2EC-47DB-89AF-E5FC497406B2}.Release|Any CPU.ActiveCfg = Release|Any CPU
		{C990D267-A2EC-47DB-89AF-E5FC497406B2}.Release|Any CPU.Build.0 = Release|Any CPU
		{77E61E9A-1075-493D-8D64-69DDD338AC31}.Debug|Any CPU.ActiveCfg = Debug|Any CPU
		{77E61E9A-1075-493D-8D64-69DDD338AC31}.Debug|Any CPU.Build.0 = Debug|Any CPU
		{77E61E9A-1075-493D-8D64-69DDD338AC31}.Release|Any CPU.ActiveCfg = Release|Any CPU
		{77E61E9A-1075-493D-8D64-69DDD338AC31}.Release|Any CPU.Build.0 = Release|Any CPU
		{0BBBE6FD-E981-4A6D-B624-346755CB0AB2}.Debug|Any CPU.ActiveCfg = Debug|Any CPU
		{0BBBE6FD-E981-4A6D-B624-346755CB0AB2}.Debug|Any CPU.Build.0 = Debug|Any CPU
		{0BBBE6FD-E981-4A6D-B624-346755CB0AB2}.Release|Any CPU.ActiveCfg = Release|Any CPU
		{0BBBE6FD-E981-4A6D-B624-346755CB0AB2}.Release|Any CPU.Build.0 = Release|Any CPU
		{43625E70-EF55-4E9E-91BF-E59917B69F30}.Debug|Any CPU.ActiveCfg = Debug|Any CPU
		{43625E70-EF55-4E9E-91BF-E59917B69F30}.Debug|Any CPU.Build.0 = Debug|Any CPU
		{43625E70-EF55-4E9E-91BF-E59917B69F30}.Release|Any CPU.ActiveCfg = Release|Any CPU
		{43625E70-EF55-4E9E-91BF-E59917B69F30}.Release|Any CPU.Build.0 = Release|Any CPU
		{9B4CE830-C5D7-4BE1-AFEE-666699E2F06C}.Debug|Any CPU.ActiveCfg = Debug|Any CPU
		{9B4CE830-C5D7-4BE1-AFEE-666699E2F06C}.Debug|Any CPU.Build.0 = Debug|Any CPU
		{9B4CE830-C5D7-4BE1-AFEE-666699E2F06C}.Release|Any CPU.ActiveCfg = Release|Any CPU
		{9B4CE830-C5D7-4BE1-AFEE-666699E2F06C}.Release|Any CPU.Build.0 = Release|Any CPU
		{FD66F452-66B7-4485-A77A-6B1AFA25BB5B}.Debug|Any CPU.ActiveCfg = Debug|Any CPU
		{FD66F452-66B7-4485-A77A-6B1AFA25BB5B}.Debug|Any CPU.Build.0 = Debug|Any CPU
		{FD66F452-66B7-4485-A77A-6B1AFA25BB5B}.Release|Any CPU.ActiveCfg = Release|Any CPU
		{FD66F452-66B7-4485-A77A-6B1AFA25BB5B}.Release|Any CPU.Build.0 = Release|Any CPU
		{B161B353-BF12-4E39-AA0F-2948A732F9D9}.Debug|Any CPU.ActiveCfg = Debug|Any CPU
		{B161B353-BF12-4E39-AA0F-2948A732F9D9}.Debug|Any CPU.Build.0 = Debug|Any CPU
		{B161B353-BF12-4E39-AA0F-2948A732F9D9}.Release|Any CPU.ActiveCfg = Release|Any CPU
		{B161B353-BF12-4E39-AA0F-2948A732F9D9}.Release|Any CPU.Build.0 = Release|Any CPU
		{B5772C80-CE29-41CD-ACD8-1FE138393B40}.Debug|Any CPU.ActiveCfg = Debug|Any CPU
		{B5772C80-CE29-41CD-ACD8-1FE138393B40}.Debug|Any CPU.Build.0 = Debug|Any CPU
		{B5772C80-CE29-41CD-ACD8-1FE138393B40}.Release|Any CPU.ActiveCfg = Release|Any CPU
		{B5772C80-CE29-41CD-ACD8-1FE138393B40}.Release|Any CPU.Build.0 = Release|Any CPU
		{9E0D3170-8095-4479-BC02-A766B079B956}.Debug|Any CPU.ActiveCfg = Debug|Any CPU
		{9E0D3170-8095-4479-BC02-A766B079B956}.Debug|Any CPU.Build.0 = Debug|Any CPU
		{9E0D3170-8095-4479-BC02-A766B079B956}.Release|Any CPU.ActiveCfg = Release|Any CPU
		{9E0D3170-8095-4479-BC02-A766B079B956}.Release|Any CPU.Build.0 = Release|Any CPU
		{81452B8F-6C6E-4289-8C4E-DCCE9F14B5B2}.Debug|Any CPU.ActiveCfg = Debug|Any CPU
		{81452B8F-6C6E-4289-8C4E-DCCE9F14B5B2}.Debug|Any CPU.Build.0 = Debug|Any CPU
		{81452B8F-6C6E-4289-8C4E-DCCE9F14B5B2}.Release|Any CPU.ActiveCfg = Release|Any CPU
		{81452B8F-6C6E-4289-8C4E-DCCE9F14B5B2}.Release|Any CPU.Build.0 = Release|Any CPU
		{78F8C186-BFDB-4B39-B647-75ECC320862E}.Debug|Any CPU.ActiveCfg = Debug|Any CPU
		{78F8C186-BFDB-4B39-B647-75ECC320862E}.Debug|Any CPU.Build.0 = Debug|Any CPU
		{78F8C186-BFDB-4B39-B647-75ECC320862E}.Release|Any CPU.ActiveCfg = Release|Any CPU
		{78F8C186-BFDB-4B39-B647-75ECC320862E}.Release|Any CPU.Build.0 = Release|Any CPU
		{8FE014E4-1611-4B18-8001-B9BAF2D0643D}.Debug|Any CPU.ActiveCfg = Debug|Any CPU
		{8FE014E4-1611-4B18-8001-B9BAF2D0643D}.Debug|Any CPU.Build.0 = Debug|Any CPU
		{8FE014E4-1611-4B18-8001-B9BAF2D0643D}.Release|Any CPU.ActiveCfg = Release|Any CPU
		{8FE014E4-1611-4B18-8001-B9BAF2D0643D}.Release|Any CPU.Build.0 = Release|Any CPU
		{48E5AE68-E653-473A-8D8E-0DF22DFC1F9A}.Debug|Any CPU.ActiveCfg = Debug|Any CPU
		{48E5AE68-E653-473A-8D8E-0DF22DFC1F9A}.Debug|Any CPU.Build.0 = Debug|Any CPU
		{48E5AE68-E653-473A-8D8E-0DF22DFC1F9A}.Release|Any CPU.ActiveCfg = Release|Any CPU
		{48E5AE68-E653-473A-8D8E-0DF22DFC1F9A}.Release|Any CPU.Build.0 = Release|Any CPU
		{A8555AC4-CC46-4B75-847E-1602DE99F249}.Debug|Any CPU.ActiveCfg = Debug|Any CPU
		{A8555AC4-CC46-4B75-847E-1602DE99F249}.Debug|Any CPU.Build.0 = Debug|Any CPU
		{A8555AC4-CC46-4B75-847E-1602DE99F249}.Release|Any CPU.ActiveCfg = Release|Any CPU
		{A8555AC4-CC46-4B75-847E-1602DE99F249}.Release|Any CPU.Build.0 = Release|Any CPU
		{821341E1-399A-4441-B368-127A5514F176}.Debug|Any CPU.ActiveCfg = Debug|Any CPU
		{821341E1-399A-4441-B368-127A5514F176}.Debug|Any CPU.Build.0 = Debug|Any CPU
		{821341E1-399A-4441-B368-127A5514F176}.Release|Any CPU.ActiveCfg = Release|Any CPU
		{821341E1-399A-4441-B368-127A5514F176}.Release|Any CPU.Build.0 = Release|Any CPU
		{E839F9B9-7514-4E5E-8126-DC1D08867385}.Debug|Any CPU.ActiveCfg = Debug|Any CPU
		{E839F9B9-7514-4E5E-8126-DC1D08867385}.Debug|Any CPU.Build.0 = Debug|Any CPU
		{E839F9B9-7514-4E5E-8126-DC1D08867385}.Release|Any CPU.ActiveCfg = Release|Any CPU
		{E839F9B9-7514-4E5E-8126-DC1D08867385}.Release|Any CPU.Build.0 = Release|Any CPU
		{167958EE-2690-4311-A97C-043A32911C6D}.Debug|Any CPU.ActiveCfg = Debug|Any CPU
		{167958EE-2690-4311-A97C-043A32911C6D}.Debug|Any CPU.Build.0 = Debug|Any CPU
		{167958EE-2690-4311-A97C-043A32911C6D}.Release|Any CPU.ActiveCfg = Release|Any CPU
		{167958EE-2690-4311-A97C-043A32911C6D}.Release|Any CPU.Build.0 = Release|Any CPU
		{70B142F9-8DED-4BDE-B7C9-1F34FB357309}.Debug|Any CPU.ActiveCfg = Debug|Any CPU
		{70B142F9-8DED-4BDE-B7C9-1F34FB357309}.Debug|Any CPU.Build.0 = Debug|Any CPU
		{70B142F9-8DED-4BDE-B7C9-1F34FB357309}.Release|Any CPU.ActiveCfg = Release|Any CPU
		{70B142F9-8DED-4BDE-B7C9-1F34FB357309}.Release|Any CPU.Build.0 = Release|Any CPU
	EndGlobalSection
EndGlobal
